
Microsoft Visual Studio Solution File, Format Version 12.00
# Visual Studio Version 16
VisualStudioVersion = 16.0.33927.289
MinimumVisualStudioVersion = 10.0.40219.1
Project("{2150E333-8FDC-42A3-9474-1A3956D46DE8}") = "Task0", "Task0", "{39380303-69BD-49A4-84EA-F57B0C3EB90D}"
EndProject
Project("{FAE04EC0-301F-11D3-BF4B-00C04F79EFBC}") = "Tyuiu.PoleschukKR.Sprint3.Task0.V30", "Tyuiu.PoleschukKR.Sprint3.Task0.V30\Tyuiu.PoleschukKR.Sprint3.Task0.V30.csproj", "{1E9C61F8-38AE-4949-AC03-2B9A00530F5A}"
EndProject
Project("{FAE04EC0-301F-11D3-BF4B-00C04F79EFBC}") = "Tyuiu.PoleschukKR.Sprint3.Task0.V30.Lib", "Tyuiu.PoleschukKR.Sprint3.Task0.V30.Lib\Tyuiu.PoleschukKR.Sprint3.Task0.V30.Lib.csproj", "{D1226393-29FA-4B22-9FE7-C2733A9F0CFF}"
EndProject
Project("{FAE04EC0-301F-11D3-BF4B-00C04F79EFBC}") = "Tyuiu.PoleschukKR.Sprint3.Task0.V30.Test", "Tyuiu.PoleschukKR.Sprint3.Task0.V30.Test\Tyuiu.PoleschukKR.Sprint3.Task0.V30.Test.csproj", "{6EDAAF42-D064-4C40-B60A-90BB6B241E95}"
EndProject
Project("{2150E333-8FDC-42A3-9474-1A3956D46DE8}") = "Task1", "Task1", "{C8EE5F29-F56F-4747-A4C4-76D92501659E}"
EndProject
Project("{FAE04EC0-301F-11D3-BF4B-00C04F79EFBC}") = "Tyuiu.PoleschukKR.Sprint3.Task1.V13", "Tyuiu.PoleschukKR.Sprint3.Task1.V13\Tyuiu.PoleschukKR.Sprint3.Task1.V13.csproj", "{F922C828-CC70-496C-98BF-1C40AD045EDE}"
EndProject
Project("{FAE04EC0-301F-11D3-BF4B-00C04F79EFBC}") = "Tyuiu.PoleschukKR.Sprint3.Task1.V13.Lib", "Tyuiu.PoleschukKR.Sprint3.Task1.V13.Lib\Tyuiu.PoleschukKR.Sprint3.Task1.V13.Lib.csproj", "{C9F454DE-F128-41C3-B3C5-27499CE26C7B}"
EndProject
Project("{FAE04EC0-301F-11D3-BF4B-00C04F79EFBC}") = "Tyuiu.PoleschukKR.Sprint3.Task1.V13.Test", "Tyuiu.PoleschukKR.Sprint3.Task1.V13.Test\Tyuiu.PoleschukKR.Sprint3.Task1.V13.Test.csproj", "{58BEA235-74E3-495B-A9E5-5FE552072A90}"
EndProject
Project("{2150E333-8FDC-42A3-9474-1A3956D46DE8}") = "Task2", "Task2", "{B694553D-81AD-4878-A452-A039D5C5AEB2}"
EndProject
Project("{FAE04EC0-301F-11D3-BF4B-00C04F79EFBC}") = "Tyuiu.PoleschukKR.Sprint3.Task2.V8", "Tyuiu.PoleschukKR.Sprint3.Task2.V8\Tyuiu.PoleschukKR.Sprint3.Task2.V8.csproj", "{8967540F-7512-4B8A-937C-7A0D37F54D60}"
EndProject
Project("{FAE04EC0-301F-11D3-BF4B-00C04F79EFBC}") = "Tyuiu.PoleschukKR.Sprint3.Task2.V8.Lib", "Tyuiu.PoleschukKR.Sprint3.Task2.V8.Lib\Tyuiu.PoleschukKR.Sprint3.Task2.V8.Lib.csproj", "{AB9DADDA-2820-4E32-BE72-54E3A50D2ED5}"
EndProject
Project("{FAE04EC0-301F-11D3-BF4B-00C04F79EFBC}") = "Tyuiu.PoleschukKR.Sprint3.Task2.V8.Test", "Tyuiu.PoleschukKR.Sprint3.Task2.V8.Test\Tyuiu.PoleschukKR.Sprint3.Task2.V8.Test.csproj", "{FE7381BA-5710-44F3-BA43-98DB2D27B75D}"
EndProject
Project("{2150E333-8FDC-42A3-9474-1A3956D46DE8}") = "Task3", "Task3", "{8A6E7D63-62B5-48C0-8832-CD4F2A603C29}"
EndProject
Project("{FAE04EC0-301F-11D3-BF4B-00C04F79EFBC}") = "Tyuiu.PoleschukKR.Sprint3.Task3.V19", "Tyuiu.PoleschukKR.Sprint3.Task3.V19\Tyuiu.PoleschukKR.Sprint3.Task3.V19.csproj", "{6675B2E3-661F-42E3-8C6E-74F5F14CD0E3}"
EndProject
Project("{FAE04EC0-301F-11D3-BF4B-00C04F79EFBC}") = "Tyuiu.PoleschukKR.Sprint3.Task3.V19.Lib", "Tyuiu.PoleschukKR.Sprint3.Task3.V19.Lib\Tyuiu.PoleschukKR.Sprint3.Task3.V19.Lib.csproj", "{A8DD6233-A3F7-434C-9644-B38CE202EA8B}"
EndProject
Project("{FAE04EC0-301F-11D3-BF4B-00C04F79EFBC}") = "Tyuiu.PoleschukKR.Sprint3.Task3.V19.Test", "Tyuiu.PoleschukKR.Sprint3.Task3.V19.Test\Tyuiu.PoleschukKR.Sprint3.Task3.V19.Test.csproj", "{5FDDDC20-95CE-4B33-AE64-FE3323C5F7E3}"
EndProject
Project("{2150E333-8FDC-42A3-9474-1A3956D46DE8}") = "Task4", "Task4", "{CC850112-D74B-4E8A-820B-1B0E87C946E6}"
EndProject
Project("{FAE04EC0-301F-11D3-BF4B-00C04F79EFBC}") = "Tyuiu.PoleschukKR.Sprint3.Task4.V1", "Tyuiu.PoleschukKR.Sprint3.Task4.V1\Tyuiu.PoleschukKR.Sprint3.Task4.V1.csproj", "{C765CAC8-F982-4695-A985-F200DB4ECCDE}"
EndProject
Project("{FAE04EC0-301F-11D3-BF4B-00C04F79EFBC}") = "Tyuiu.PoleschukKR.Sprint3.Task4.V1.Lib", "Tyuiu.PoleschukKR.Sprint3.Task4.V1.Lib\Tyuiu.PoleschukKR.Sprint3.Task4.V1.Lib.csproj", "{F3941E72-9679-493B-87F6-68BC8D4B2092}"
EndProject
Project("{FAE04EC0-301F-11D3-BF4B-00C04F79EFBC}") = "Tyuiu.PoleschukKR.Sprint3.Task4.V1.Test", "Tyuiu.PoleschukKR.Sprint3.Task4.V1.Test\Tyuiu.PoleschukKR.Sprint3.Task4.V1.Test.csproj", "{A263374A-E6F0-454A-98A5-3FD9993946FC}"
EndProject
Project("{2150E333-8FDC-42A3-9474-1A3956D46DE8}") = "Task5", "Task5", "{5314B433-FBCE-499B-B247-6B4F9011D34E}"
EndProject
Project("{FAE04EC0-301F-11D3-BF4B-00C04F79EFBC}") = "Tyuiu.PoleschukKR.Sprint3.Task5.V26", "Tyuiu.PoleschukKR.Sprint3.Task5.V26\Tyuiu.PoleschukKR.Sprint3.Task5.V26.csproj", "{ADDA1274-5681-405F-95A9-8FAF95640706}"
EndProject
Project("{FAE04EC0-301F-11D3-BF4B-00C04F79EFBC}") = "Tyuiu.PoleschukKR.Sprint3.Task5.V26.Lib", "Tyuiu.PoleschukKR.Sprint3.Task5.V26.Lib\Tyuiu.PoleschukKR.Sprint3.Task5.V26.Lib.csproj", "{DE60D198-52CF-4F34-827F-4874683E2806}"
EndProject
Project("{FAE04EC0-301F-11D3-BF4B-00C04F79EFBC}") = "Tyuiu.PoleschukKR.Sprint3.Task5.V26.Test", "Tyuiu.PoleschukKR.Sprint3.Task5.V26.Test\Tyuiu.PoleschukKR.Sprint3.Task5.V26.Test.csproj", "{2443D62D-6E07-4512-8997-D316A487A840}"
EndProject
Global
	GlobalSection(SolutionConfigurationPlatforms) = preSolution
		Debug|Any CPU = Debug|Any CPU
		Release|Any CPU = Release|Any CPU
	EndGlobalSection
	GlobalSection(ProjectConfigurationPlatforms) = postSolution
		{1E9C61F8-38AE-4949-AC03-2B9A00530F5A}.Debug|Any CPU.ActiveCfg = Debug|Any CPU
		{1E9C61F8-38AE-4949-AC03-2B9A00530F5A}.Debug|Any CPU.Build.0 = Debug|Any CPU
		{1E9C61F8-38AE-4949-AC03-2B9A00530F5A}.Release|Any CPU.ActiveCfg = Release|Any CPU
		{1E9C61F8-38AE-4949-AC03-2B9A00530F5A}.Release|Any CPU.Build.0 = Release|Any CPU
		{D1226393-29FA-4B22-9FE7-C2733A9F0CFF}.Debug|Any CPU.ActiveCfg = Debug|Any CPU
		{D1226393-29FA-4B22-9FE7-C2733A9F0CFF}.Debug|Any CPU.Build.0 = Debug|Any CPU
		{D1226393-29FA-4B22-9FE7-C2733A9F0CFF}.Release|Any CPU.ActiveCfg = Release|Any CPU
		{D1226393-29FA-4B22-9FE7-C2733A9F0CFF}.Release|Any CPU.Build.0 = Release|Any CPU
		{6EDAAF42-D064-4C40-B60A-90BB6B241E95}.Debug|Any CPU.ActiveCfg = Debug|Any CPU
		{6EDAAF42-D064-4C40-B60A-90BB6B241E95}.Debug|Any CPU.Build.0 = Debug|Any CPU
		{6EDAAF42-D064-4C40-B60A-90BB6B241E95}.Release|Any CPU.ActiveCfg = Release|Any CPU
		{6EDAAF42-D064-4C40-B60A-90BB6B241E95}.Release|Any CPU.Build.0 = Release|Any CPU
		{F922C828-CC70-496C-98BF-1C40AD045EDE}.Debug|Any CPU.ActiveCfg = Debug|Any CPU
		{F922C828-CC70-496C-98BF-1C40AD045EDE}.Debug|Any CPU.Build.0 = Debug|Any CPU
		{F922C828-CC70-496C-98BF-1C40AD045EDE}.Release|Any CPU.ActiveCfg = Release|Any CPU
		{F922C828-CC70-496C-98BF-1C40AD045EDE}.Release|Any CPU.Build.0 = Release|Any CPU
		{C9F454DE-F128-41C3-B3C5-27499CE26C7B}.Debug|Any CPU.ActiveCfg = Debug|Any CPU
		{C9F454DE-F128-41C3-B3C5-27499CE26C7B}.Debug|Any CPU.Build.0 = Debug|Any CPU
		{C9F454DE-F128-41C3-B3C5-27499CE26C7B}.Release|Any CPU.ActiveCfg = Release|Any CPU
		{C9F454DE-F128-41C3-B3C5-27499CE26C7B}.Release|Any CPU.Build.0 = Release|Any CPU
		{58BEA235-74E3-495B-A9E5-5FE552072A90}.Debug|Any CPU.ActiveCfg = Debug|Any CPU
		{58BEA235-74E3-495B-A9E5-5FE552072A90}.Debug|Any CPU.Build.0 = Debug|Any CPU
		{58BEA235-74E3-495B-A9E5-5FE552072A90}.Release|Any CPU.ActiveCfg = Release|Any CPU
		{58BEA235-74E3-495B-A9E5-5FE552072A90}.Release|Any CPU.Build.0 = Release|Any CPU
		{8967540F-7512-4B8A-937C-7A0D37F54D60}.Debug|Any CPU.ActiveCfg = Debug|Any CPU
		{8967540F-7512-4B8A-937C-7A0D37F54D60}.Debug|Any CPU.Build.0 = Debug|Any CPU
		{8967540F-7512-4B8A-937C-7A0D37F54D60}.Release|Any CPU.ActiveCfg = Release|Any CPU
		{8967540F-7512-4B8A-937C-7A0D37F54D60}.Release|Any CPU.Build.0 = Release|Any CPU
		{AB9DADDA-2820-4E32-BE72-54E3A50D2ED5}.Debug|Any CPU.ActiveCfg = Debug|Any CPU
		{AB9DADDA-2820-4E32-BE72-54E3A50D2ED5}.Debug|Any CPU.Build.0 = Debug|Any CPU
		{AB9DADDA-2820-4E32-BE72-54E3A50D2ED5}.Release|Any CPU.ActiveCfg = Release|Any CPU
		{AB9DADDA-2820-4E32-BE72-54E3A50D2ED5}.Release|Any CPU.Build.0 = Release|Any CPU
		{FE7381BA-5710-44F3-BA43-98DB2D27B75D}.Debug|Any CPU.ActiveCfg = Debug|Any CPU
		{FE7381BA-5710-44F3-BA43-98DB2D27B75D}.Debug|Any CPU.Build.0 = Debug|Any CPU
		{FE7381BA-5710-44F3-BA43-98DB2D27B75D}.Release|Any CPU.ActiveCfg = Release|Any CPU
		{FE7381BA-5710-44F3-BA43-98DB2D27B75D}.Release|Any CPU.Build.0 = Release|Any CPU
		{6675B2E3-661F-42E3-8C6E-74F5F14CD0E3}.Debug|Any CPU.ActiveCfg = Debug|Any CPU
		{6675B2E3-661F-42E3-8C6E-74F5F14CD0E3}.Debug|Any CPU.Build.0 = Debug|Any CPU
		{6675B2E3-661F-42E3-8C6E-74F5F14CD0E3}.Release|Any CPU.ActiveCfg = Release|Any CPU
		{6675B2E3-661F-42E3-8C6E-74F5F14CD0E3}.Release|Any CPU.Build.0 = Release|Any CPU
		{A8DD6233-A3F7-434C-9644-B38CE202EA8B}.Debug|Any CPU.ActiveCfg = Debug|Any CPU
		{A8DD6233-A3F7-434C-9644-B38CE202EA8B}.Debug|Any CPU.Build.0 = Debug|Any CPU
		{A8DD6233-A3F7-434C-9644-B38CE202EA8B}.Release|Any CPU.ActiveCfg = Release|Any CPU
		{A8DD6233-A3F7-434C-9644-B38CE202EA8B}.Release|Any CPU.Build.0 = Release|Any CPU
		{5FDDDC20-95CE-4B33-AE64-FE3323C5F7E3}.Debug|Any CPU.ActiveCfg = Debug|Any CPU
		{5FDDDC20-95CE-4B33-AE64-FE3323C5F7E3}.Debug|Any CPU.Build.0 = Debug|Any CPU
		{5FDDDC20-95CE-4B33-AE64-FE3323C5F7E3}.Release|Any CPU.ActiveCfg = Release|Any CPU
		{5FDDDC20-95CE-4B33-AE64-FE3323C5F7E3}.Release|Any CPU.Build.0 = Release|Any CPU
		{C765CAC8-F982-4695-A985-F200DB4ECCDE}.Debug|Any CPU.ActiveCfg = Debug|Any CPU
		{C765CAC8-F982-4695-A985-F200DB4ECCDE}.Debug|Any CPU.Build.0 = Debug|Any CPU
		{C765CAC8-F982-4695-A985-F200DB4ECCDE}.Release|Any CPU.ActiveCfg = Release|Any CPU
		{C765CAC8-F982-4695-A985-F200DB4ECCDE}.Release|Any CPU.Build.0 = Release|Any CPU
		{F3941E72-9679-493B-87F6-68BC8D4B2092}.Debug|Any CPU.ActiveCfg = Debug|Any CPU
		{F3941E72-9679-493B-87F6-68BC8D4B2092}.Debug|Any CPU.Build.0 = Debug|Any CPU
		{F3941E72-9679-493B-87F6-68BC8D4B2092}.Release|Any CPU.ActiveCfg = Release|Any CPU
		{F3941E72-9679-493B-87F6-68BC8D4B2092}.Release|Any CPU.Build.0 = Release|Any CPU
		{A263374A-E6F0-454A-98A5-3FD9993946FC}.Debug|Any CPU.ActiveCfg = Debug|Any CPU
		{A263374A-E6F0-454A-98A5-3FD9993946FC}.Debug|Any CPU.Build.0 = Debug|Any CPU
		{A263374A-E6F0-454A-98A5-3FD9993946FC}.Release|Any CPU.ActiveCfg = Release|Any CPU
		{A263374A-E6F0-454A-98A5-3FD9993946FC}.Release|Any CPU.Build.0 = Release|Any CPU
		{ADDA1274-5681-405F-95A9-8FAF95640706}.Debug|Any CPU.ActiveCfg = Debug|Any CPU
		{ADDA1274-5681-405F-95A9-8FAF95640706}.Debug|Any CPU.Build.0 = Debug|Any CPU
		{ADDA1274-5681-405F-95A9-8FAF95640706}.Release|Any CPU.ActiveCfg = Release|Any CPU
		{ADDA1274-5681-405F-95A9-8FAF95640706}.Release|Any CPU.Build.0 = Release|Any CPU
		{DE60D198-52CF-4F34-827F-4874683E2806}.Debug|Any CPU.ActiveCfg = Debug|Any CPU
		{DE60D198-52CF-4F34-827F-4874683E2806}.Debug|Any CPU.Build.0 = Debug|Any CPU
		{DE60D198-52CF-4F34-827F-4874683E2806}.Release|Any CPU.ActiveCfg = Release|Any CPU
		{DE60D198-52CF-4F34-827F-4874683E2806}.Release|Any CPU.Build.0 = Release|Any CPU
		{2443D62D-6E07-4512-8997-D316A487A840}.Debug|Any CPU.ActiveCfg = Debug|Any CPU
		{2443D62D-6E07-4512-8997-D316A487A840}.Debug|Any CPU.Build.0 = Debug|Any CPU
		{2443D62D-6E07-4512-8997-D316A487A840}.Release|Any CPU.ActiveCfg = Release|Any CPU
		{2443D62D-6E07-4512-8997-D316A487A840}.Release|Any CPU.Build.0 = Release|Any CPU
	EndGlobalSection
	GlobalSection(SolutionProperties) = preSolution
		HideSolutionNode = FALSE
	EndGlobalSection
	GlobalSection(NestedProjects) = preSolution
		{1E9C61F8-38AE-4949-AC03-2B9A00530F5A} = {39380303-69BD-49A4-84EA-F57B0C3EB90D}
		{D1226393-29FA-4B22-9FE7-C2733A9F0CFF} = {39380303-69BD-49A4-84EA-F57B0C3EB90D}
		{6EDAAF42-D064-4C40-B60A-90BB6B241E95} = {39380303-69BD-49A4-84EA-F57B0C3EB90D}
		{F922C828-CC70-496C-98BF-1C40AD045EDE} = {C8EE5F29-F56F-4747-A4C4-76D92501659E}
		{C9F454DE-F128-41C3-B3C5-27499CE26C7B} = {C8EE5F29-F56F-4747-A4C4-76D92501659E}
		{58BEA235-74E3-495B-A9E5-5FE552072A90} = {C8EE5F29-F56F-4747-A4C4-76D92501659E}
		{8967540F-7512-4B8A-937C-7A0D37F54D60} = {B694553D-81AD-4878-A452-A039D5C5AEB2}
		{AB9DADDA-2820-4E32-BE72-54E3A50D2ED5} = {B694553D-81AD-4878-A452-A039D5C5AEB2}
		{FE7381BA-5710-44F3-BA43-98DB2D27B75D} = {B694553D-81AD-4878-A452-A039D5C5AEB2}
		{6675B2E3-661F-42E3-8C6E-74F5F14CD0E3} = {8A6E7D63-62B5-48C0-8832-CD4F2A603C29}
		{A8DD6233-A3F7-434C-9644-B38CE202EA8B} = {8A6E7D63-62B5-48C0-8832-CD4F2A603C29}
		{5FDDDC20-95CE-4B33-AE64-FE3323C5F7E3} = {8A6E7D63-62B5-48C0-8832-CD4F2A603C29}
		{C765CAC8-F982-4695-A985-F200DB4ECCDE} = {CC850112-D74B-4E8A-820B-1B0E87C946E6}
		{F3941E72-9679-493B-87F6-68BC8D4B2092} = {CC850112-D74B-4E8A-820B-1B0E87C946E6}
		{A263374A-E6F0-454A-98A5-3FD9993946FC} = {CC850112-D74B-4E8A-820B-1B0E87C946E6}
		{ADDA1274-5681-405F-95A9-8FAF95640706} = {5314B433-FBCE-499B-B247-6B4F9011D34E}
		{DE60D198-52CF-4F34-827F-4874683E2806} = {5314B433-FBCE-499B-B247-6B4F9011D34E}
		{2443D62D-6E07-4512-8997-D316A487A840} = {5314B433-FBCE-499B-B247-6B4F9011D34E}
	EndGlobalSection
	GlobalSection(ExtensibilityGlobals) = postSolution
		SolutionGuid = {0AA8C7A4-8321-438C-B214-662A6C6F385D}
	EndGlobalSection
EndGlobal
